  dependencies:
    tslib "^2.4.0"

"@tanstack/query-core@5.17.9":
  version "5.17.9"
  resolved "https://registry.yarnpkg.com/@tanstack/query-core/-/query-core-5.17.9.tgz#1dac85c7c674bdfd132fe7cd5cb898921000bdcf"
  integrity sha512-8xcvpWIPaRMDNLMvG9ugcUJMgFK316ZsqkPPbsI+TMZsb10N9jk0B6XgPk4/kgWC2ziHyWR7n7wUhxmD0pChQw==

"@tanstack/query-devtools@5.17.7":
  version "5.17.7"
  resolved "https://registry.yarnpkg.com/@tanstack/query-devtools/-/query-devtools-5.17.7.tgz#9f9e44a32d08ecd5c9fe3ede62a114d6d6e240d5"
  integrity sha512-TfgvOqza5K7Sk6slxqkRIvXlEJoUoPSsGGwpuYSrpqgSwLSSvPPpZhq7hv7hcY5IvRoTNGoq6+MT01C/jILqoQ==

"@tanstack/react-query-devtools@^5.13.5":
  version "5.17.9"
  resolved "https://registry.yarnpkg.com/@tanstack/react-query-devtools/-/react-query-devtools-5.17.9.tgz#bff872dbc1d1cdf1438e95393263e5d4addca535"
  integrity sha512-1viWP/jlO0LaeCdtTFqtF1k2RfM3KVpvwVffWv+PMNkS2u4s8YGUM17r3p82udbF9BY1mE7aHqQ3MM1errF5lQ==
  dependencies:
    "@tanstack/query-devtools" "5.17.7"

"@tanstack/react-query@^5.13.4":
  version "5.17.9"
  resolved "https://registry.yarnpkg.com/@tanstack/react-query/-/react-query-5.17.9.tgz#74826465c1b2ecde17c6d2f1d03f10b611ac2363"
  integrity sha512-M5E9gwUq1Stby/pdlYjBlL24euIVuGbWKIFCbtnQxSdXI4PgzjTSdXdV3QE6fc+itF+TUvX/JPTKIwq8yuBXcg==
  dependencies:
    "@tanstack/query-core" "5.17.9"

"@tanstack/react-virtual@^3.0.0-beta.60":
  version "3.0.1"
  resolved "https://registry.yarnpkg.com/@tanstack/react-virtual/-/react-virtual-3.0.1.tgz#b04c492e4dd5733b72b10a974870880f83ff4698"